// !$*UTF8*$!
{
	archiveVersion = 1;
	classes = {
	};
	objectVersion = 46;
	objects = {

/* Begin PBXBuildFile section */
		6D376DF558E5F9FCE39DF5A8 /* Pods_FloripaPublicTransportationTests.framework in Frameworks */ = {isa = PBXBuildFile; fileRef = F7901326035D125AB473833A /* Pods_FloripaPublicTransportationTests.framework */; };
		9C004A9D1C77BC350008DC7B /* AppDelegate.swift in Sources */ = {isa = PBXBuildFile; fileRef = 9C004A9C1C77BC350008DC7B /* AppDelegate.swift */; };
		9C004AA21C77BC350008DC7B /* Main.storyboard in Resources */ = {isa = PBXBuildFile; fileRef = 9C004AA01C77BC350008DC7B /* Main.storyboard */; };
		9C004AA41C77BC350008DC7B /* Assets.xcassets in Resources */ = {isa = PBXBuildFile; fileRef = 9C004AA31C77BC350008DC7B /* Assets.xcassets */; };
		9C004AA71C77BC350008DC7B /* LaunchScreen.storyboard in Resources */ = {isa = PBXBuildFile; fileRef = 9C004AA51C77BC350008DC7B /* LaunchScreen.storyboard */; };
		9C004ABD1C77BC350008DC7B /* FloripaPublicTransportationUITests.swift in Sources */ = {isa = PBXBuildFile; fileRef = 9C004ABC1C77BC350008DC7B /* FloripaPublicTransportationUITests.swift */; };
		9C004ACD1C77BF780008DC7B /* RoutesListViewController.swift in Sources */ = {isa = PBXBuildFile; fileRef = 9C004ACC1C77BF780008DC7B /* RoutesListViewController.swift */; };
		9C004ACF1C77C2890008DC7B /* RouteDetailViewController.swift in Sources */ = {isa = PBXBuildFile; fileRef = 9C004ACE1C77C2890008DC7B /* RouteDetailViewController.swift */; };
		9C004AD31C77DB480008DC7B /* Route.swift in Sources */ = {isa = PBXBuildFile; fileRef = 9C004AD21C77DB480008DC7B /* Route.swift */; };
		9C004AD91C77E1910008DC7B /* RestApi.swift in Sources */ = {isa = PBXBuildFile; fileRef = 9C004AD81C77E1910008DC7B /* RestApi.swift */; };
		9C004ADB1C77E3160008DC7B /* Stop.swift in Sources */ = {isa = PBXBuildFile; fileRef = 9C004ADA1C77E3160008DC7B /* Stop.swift */; };
		9C004ADD1C77E3200008DC7B /* Departure.swift in Sources */ = {isa = PBXBuildFile; fileRef = 9C004ADC1C77E3200008DC7B /* Departure.swift */; };
		9C24858E1C7D466D00BE4CA8 /* RestApiTests.swift in Sources */ = {isa = PBXBuildFile; fileRef = 9C24858D1C7D466D00BE4CA8 /* RestApiTests.swift */; };
		9C2485901C7D518300BE4CA8 /* ExpectationProtocol.swift in Sources */ = {isa = PBXBuildFile; fileRef = 9C24858F1C7D518300BE4CA8 /* ExpectationProtocol.swift */; };
		9C2827A01C7BBF9000CBCCE1 /* MapViewController.swift in Sources */ = {isa = PBXBuildFile; fileRef = 9C28279F1C7BBF9000CBCCE1 /* MapViewController.swift */; };
		9C2827A21C7BBFC200CBCCE1 /* MapKit.framework in Frameworks */ = {isa = PBXBuildFile; fileRef = 9C2827A11C7BBFC200CBCCE1 /* MapKit.framework */; };
		9C3AC42D1C7D60E900AEC82E /* findRoutes.json in Resources */ = {isa = PBXBuildFile; fileRef = 9C3AC42C1C7D60E900AEC82E /* findRoutes.json */; };
		9C3AC4301C7D646200AEC82E /* findDepartures.json in Resources */ = {isa = PBXBuildFile; fileRef = 9C3AC42E1C7D646200AEC82E /* findDepartures.json */; };
		9C3AC4311C7D646200AEC82E /* findStops.json in Resources */ = {isa = PBXBuildFile; fileRef = 9C3AC42F1C7D646200AEC82E /* findStops.json */; };
		9CC86D921C7E232D0076AB06 /* SystemLogAccessor.m in Sources */ = {isa = PBXBuildFile; fileRef = 9CC86D911C7E232D0076AB06 /* SystemLogAccessor.m */; };
		9CC86D951C7E3FFD0076AB06 /* RoutesListViewControllerTests.swift in Sources */ = {isa = PBXBuildFile; fileRef = 9CC86D941C7E3FFD0076AB06 /* RoutesListViewControllerTests.swift */; };
		9CE2CB661C7CD81700E240DA /* String+CustomCapitalizedString.swift in Sources */ = {isa = PBXBuildFile; fileRef = 9CE2CB651C7CD81700E240DA /* String+CustomCapitalizedString.swift */; };
		9CE2CB6E1C7CF59200E240DA /* InfoPlist.strings in Resources */ = {isa = PBXBuildFile; fileRef = 9CE2CB701C7CF59200E240DA /* InfoPlist.strings */; };
		9CE2CB731C7CF59200E240DA /* InfoPlist.strings in Resources */ = {isa = PBXBuildFile; fileRef = 9CE2CB751C7CF59200E240DA /* InfoPlist.strings */; };
		9CE2CB781C7CF59200E240DA /* Localizable.strings in Resources */ = {isa = PBXBuildFile; fileRef = 9CE2CB7A1C7CF59200E240DA /* Localizable.strings */; };
		9CE2CB7D1C7CF59300E240DA /* InfoPlist.strings in Resources */ = {isa = PBXBuildFile; fileRef = 9CE2CB7F1C7CF59300E240DA /* InfoPlist.strings */; };
/* End PBXBuildFile section */

/* Begin PBXContainerItemProxy section */
		9C004AAE1C77BC350008DC7B /* PBXContainerItemProxy */ = {
			isa = PBXContainerItemProxy;
			containerPortal = 9C004A911C77BC340008DC7B /* Project object */;
			proxyType = 1;
			remoteGlobalIDString = 9C004A981C77BC350008DC7B;
			remoteInfo = FloripaPublicTransportation;
		};
		9C004AB91C77BC350008DC7B /* PBXContainerItemProxy */ = {
			isa = PBXContainerItemProxy;
			containerPortal = 9C004A911C77BC340008DC7B /* Project object */;
			proxyType = 1;
			remoteGlobalIDString = 9C004A981C77BC350008DC7B;
			remoteInfo = FloripaPublicTransportation;
		};
/* End PBXContainerItemProxy section */

/* Begin PBXFileReference section */
		0A05B0A018E1D71DF75EBC65 /* Pods-FloripaPublicTransportationTests.release.xcconfig */ = {isa = PBXFileReference; includeInIndex = 1; lastKnownFileType = text.xcconfig; name = "Pods-FloripaPublicTransportationTests.release.xcconfig"; path = "Pods/Target Support Files/Pods-FloripaPublicTransportationTests/Pods-FloripaPublicTransportationTests.release.xcconfig"; sourceTree = "<group>"; };
		9C004A991C77BC350008DC7B /* FloripaPublicTransportation.app */ = {isa = PBXFileReference; explicitFileType = wrapper.application; includeInIndex = 0; path = FloripaPublicTransportation.app; sourceTree = BUILT_PRODUCTS_DIR; };
		9C004A9C1C77BC350008DC7B /* AppDelegate.swift */ = {isa = PBXFileReference; lastKnownFileType = sourcecode.swift; path = AppDelegate.swift; sourceTree = "<group>"; };
		9C004AA11C77BC350008DC7B /* Base */ = {isa = PBXFileReference; lastKnownFileType = file.storyboard; name = Base; path = Base.lproj/Main.storyboard; sourceTree = "<group>"; };
		9C004AA31C77BC350008DC7B /* Assets.xcassets */ = {isa = PBXFileReference; lastKnownFileType = folder.assetcatalog; path = Assets.xcassets; sourceTree = "<group>"; };
		9C004AA61C77BC350008DC7B /* Base */ = {isa = PBXFileReference; lastKnownFileType = file.storyboard; name = Base; path = Base.lproj/LaunchScreen.storyboard; sourceTree = "<group>"; };
		9C004AA81C77BC350008DC7B /* Info.plist */ = {isa = PBXFileReference; lastKnownFileType = text.plist.xml; path = Info.plist; sourceTree = "<group>"; };
		9C004AAD1C77BC350008DC7B /* FloripaPublicTransportationTests.xctest */ = {isa = PBXFileReference; explicitFileType = wrapper.cfbundle; includeInIndex = 0; path = FloripaPublicTransportationTests.xctest; sourceTree = BUILT_PRODUCTS_DIR; };
		9C004AB31C77BC350008DC7B /* Info.plist */ = {isa = PBXFileReference; lastKnownFileType = text.plist.xml; path = Info.plist; sourceTree = "<group>"; };
		9C004AB81C77BC350008DC7B /* FloripaPublicTransportationUITests.xctest */ = {isa = PBXFileReference; explicitFileType = wrapper.cfbundle; includeInIndex = 0; path = FloripaPublicTransportationUITests.xctest; sourceTree = BUILT_PRODUCTS_DIR; };
		9C004ABC1C77BC350008DC7B /* FloripaPublicTransportationUITests.swift */ = {isa = PBXFileReference; lastKnownFileType = sourcecode.swift; path = FloripaPublicTransportationUITests.swift; sourceTree = "<group>"; };
		9C004ABE1C77BC350008DC7B /* Info.plist */ = {isa = PBXFileReference; lastKnownFileType = text.plist.xml; path = Info.plist; sourceTree = "<group>"; };
		9C004ACC1C77BF780008DC7B /* RoutesListViewController.swift */ = {isa = PBXFileReference; fileEncoding = 4; lastKnownFileType = sourcecode.swift; path = RoutesListViewController.swift; sourceTree = "<group>"; };
		9C004ACE1C77C2890008DC7B /* RouteDetailViewController.swift */ = {isa = PBXFileReference; fileEncoding = 4; lastKnownFileType = sourcecode.swift; path = RouteDetailViewController.swift; sourceTree = "<group>"; };
		9C004AD21C77DB480008DC7B /* Route.swift */ = {isa = PBXFileReference; fileEncoding = 4; lastKnownFileType = sourcecode.swift; path = Route.swift; sourceTree = "<group>"; };
		9C004AD81C77E1910008DC7B /* RestApi.swift */ = {isa = PBXFileReference; fileEncoding = 4; lastKnownFileType = sourcecode.swift; path = RestApi.swift; sourceTree = "<group>"; };
		9C004ADA1C77E3160008DC7B /* Stop.swift */ = {isa = PBXFileReference; fileEncoding = 4; lastKnownFileType = sourcecode.swift; path = Stop.swift; sourceTree = "<group>"; };
		9C004ADC1C77E3200008DC7B /* Departure.swift */ = {isa = PBXFileReference; fileEncoding = 4; lastKnownFileType = sourcecode.swift; path = Departure.swift; sourceTree = "<group>"; };
		9C24858D1C7D466D00BE4CA8 /* RestApiTests.swift */ = {isa = PBXFileReference; fileEncoding = 4; lastKnownFileType = sourcecode.swift; path = RestApiTests.swift; sourceTree = "<group>"; };
		9C24858F1C7D518300BE4CA8 /* ExpectationProtocol.swift */ = {isa = PBXFileReference; fileEncoding = 4; lastKnownFileType = sourcecode.swift; path = ExpectationProtocol.swift; sourceTree = "<group>"; };
		9C28279F1C7BBF9000CBCCE1 /* MapViewController.swift */ = {isa = PBXFileReference; fileEncoding = 4; lastKnownFileType = sourcecode.swift; path = MapViewController.swift; sourceTree = "<group>"; };
		9C2827A11C7BBFC200CBCCE1 /* MapKit.framework */ = {isa = PBXFileReference; lastKnownFileType = wrapper.framework; name = MapKit.framework; path = System/Library/Frameworks/MapKit.framework; sourceTree = SDKROOT; };
		9C3AC42C1C7D60E900AEC82E /* findRoutes.json */ = {isa = PBXFileReference; fileEncoding = 4; lastKnownFileType = text.json; path = findRoutes.json; sourceTree = "<group>"; };
		9C3AC42E1C7D646200AEC82E /* findDepartures.json */ = {isa = PBXFileReference; fileEncoding = 4; lastKnownFileType = text.json; path = findDepartures.json; sourceTree = "<group>"; };
		9C3AC42F1C7D646200AEC82E /* findStops.json */ = {isa = PBXFileReference; fileEncoding = 4; lastKnownFileType = text.json; path = findStops.json; sourceTree = "<group>"; };
		9CC86D901C7E232C0076AB06 /* FloripaPublicTransportationTests-Bridging-Header.h */ = {isa = PBXFileReference; lastKnownFileType = sourcecode.c.h; path = "FloripaPublicTransportationTests-Bridging-Header.h"; sourceTree = "<group>"; };
		9CC86D911C7E232D0076AB06 /* SystemLogAccessor.m */ = {isa = PBXFileReference; fileEncoding = 4; lastKnownFileType = sourcecode.c.objc; path = SystemLogAccessor.m; sourceTree = "<group>"; };
		9CC86D931C7E24770076AB06 /* SystemLogAccessor.h */ = {isa = PBXFileReference; lastKnownFileType = sourcecode.c.h; path = SystemLogAccessor.h; sourceTree = "<group>"; };
		9CC86D941C7E3FFD0076AB06 /* RoutesListViewControllerTests.swift */ = {isa = PBXFileReference; fileEncoding = 4; lastKnownFileType = sourcecode.swift; path = RoutesListViewControllerTests.swift; sourceTree = "<group>"; };
		9CE2CB651C7CD81700E240DA /* String+CustomCapitalizedString.swift */ = {isa = PBXFileReference; fileEncoding = 4; lastKnownFileType = sourcecode.swift; path = "String+CustomCapitalizedString.swift"; sourceTree = "<group>"; };
		9CE2CB6A1C7CF04A00E240DA /* pt-BR */ = {isa = PBXFileReference; lastKnownFileType = text.plist.strings; name = "pt-BR"; path = "pt-BR.lproj/Main.strings"; sourceTree = "<group>"; };
		9CE2CB6B1C7CF59200E240DA /* pt-BR */ = {isa = PBXFileReference; lastKnownFileType = text.plist.strings; name = "pt-BR"; path = "pt-BR.lproj/LaunchScreen.strings"; sourceTree = "<group>"; };
		9CE2CB6F1C7CF59200E240DA /* pt-BR */ = {isa = PBXFileReference; lastKnownFileType = text.plist.strings; name = "pt-BR"; path = "pt-BR.lproj/InfoPlist.strings"; sourceTree = "<group>"; };
		9CE2CB741C7CF59200E240DA /* pt-BR */ = {isa = PBXFileReference; lastKnownFileType = text.plist.strings; name = "pt-BR"; path = "pt-BR.lproj/InfoPlist.strings"; sourceTree = "<group>"; };
		9CE2CB791C7CF59200E240DA /* pt-BR */ = {isa = PBXFileReference; lastKnownFileType = text.plist.strings; name = "pt-BR"; path = "pt-BR.lproj/Localizable.strings"; sourceTree = "<group>"; };
		9CE2CB7E1C7CF59300E240DA /* pt-BR */ = {isa = PBXFileReference; lastKnownFileType = text.plist.strings; name = "pt-BR"; path = "pt-BR.lproj/InfoPlist.strings"; sourceTree = "<group>"; };
		D091B655507DEF37AC587FBB /* Pods-FloripaPublicTransportationTests.debug.xcconfig */ = {isa = PBXFileReference; includeInIndex = 1; lastKnownFileType = text.xcconfig; name = "Pods-FloripaPublicTransportationTests.debug.xcconfig"; path = "Pods/Target Support Files/Pods-FloripaPublicTransportationTests/Pods-FloripaPublicTransportationTests.debug.xcconfig"; sourceTree = "<group>"; };
		F7901326035D125AB473833A /* Pods_FloripaPublicTransportationTests.framework */ = {isa = PBXFileReference; explicitFileType = wrapper.framework; includeInIndex = 0; path = Pods_FloripaPublicTransportationTests.framework; sourceTree = BUILT_PRODUCTS_DIR; };
/* End PBXFileReference section */

/* Begin PBXFrameworksBuildPhase section */
		9C004A961C77BC350008DC7B /* Frameworks */ = {
			isa = PBXFrameworksBuildPhase;
			buildActionMask = 2147483647;
			files = (
				9C2827A21C7BBFC200CBCCE1 /* MapKit.framework in Frameworks */,
			);
			runOnlyForDeploymentPostprocessing = 0;
		};
		9C004AAA1C77BC350008DC7B /* Frameworks */ = {
			isa = PBXFrameworksBuildPhase;
			buildActionMask = 2147483647;
			files = (
				6D376DF558E5F9FCE39DF5A8 /* Pods_FloripaPublicTransportationTests.framework in Frameworks */,
			);
			runOnlyForDeploymentPostprocessing = 0;
		};
		9C004AB51C77BC350008DC7B /* Frameworks */ = {
			isa = PBXFrameworksBuildPhase;
			buildActionMask = 2147483647;
			files = (
			);
			runOnlyForDeploymentPostprocessing = 0;
		};
/* End PBXFrameworksBuildPhase section */

/* Begin PBXGroup section */
		070509EE9E12AEB7F4897A9E /* Frameworks */ = {
			isa = PBXGroup;
			children = (
				F7901326035D125AB473833A /* Pods_FloripaPublicTransportationTests.framework */,
			);
			name = Frameworks;
			sourceTree = "<group>";
		};
		9C004A901C77BC340008DC7B = {
			isa = PBXGroup;
			children = (
				9C2827A11C7BBFC200CBCCE1 /* MapKit.framework */,
				9C004A9B1C77BC350008DC7B /* FloripaPublicTransportation */,
				9C004AB01C77BC350008DC7B /* FloripaPublicTransportationTests */,
				9C004ABB1C77BC350008DC7B /* FloripaPublicTransportationUITests */,
				9C004A9A1C77BC350008DC7B /* Products */,
				F43E947371E45935A494CFD5 /* Pods */,
				070509EE9E12AEB7F4897A9E /* Frameworks */,
			);
			sourceTree = "<group>";
		};
		9C004A9A1C77BC350008DC7B /* Products */ = {
			isa = PBXGroup;
			children = (
				9C004A991C77BC350008DC7B /* FloripaPublicTransportation.app */,
				9C004AAD1C77BC350008DC7B /* FloripaPublicTransportationTests.xctest */,
				9C004AB81C77BC350008DC7B /* FloripaPublicTransportationUITests.xctest */,
			);
			name = Products;
			sourceTree = "<group>";
		};
		9C004A9B1C77BC350008DC7B /* FloripaPublicTransportation */ = {
			isa = PBXGroup;
			children = (
				9C004AD71C77DC700008DC7B /* Model */,
				9C004AD61C77DBE30008DC7B /* View Controllers */,
				9C004AD51C77DBDB0008DC7B /* UI */,
				9CE2CB641C7CD7D400E240DA /* Extensions */,
				9C004AD41C77DBC50008DC7B /* Supporting files */,
			);
			path = FloripaPublicTransportation;
			sourceTree = "<group>";
		};
		9C004AB01C77BC350008DC7B /* FloripaPublicTransportationTests */ = {
			isa = PBXGroup;
			children = (
				9CE2CB7F1C7CF59300E240DA /* InfoPlist.strings */,
				9C004AB31C77BC350008DC7B /* Info.plist */,
				9CC86D941C7E3FFD0076AB06 /* RoutesListViewControllerTests.swift */,
				9C24858D1C7D466D00BE4CA8 /* RestApiTests.swift */,
				9CC86D931C7E24770076AB06 /* SystemLogAccessor.h */,
				9CC86D911C7E232D0076AB06 /* SystemLogAccessor.m */,
				9CC86D901C7E232C0076AB06 /* FloripaPublicTransportationTests-Bridging-Header.h */,
			);
			path = FloripaPublicTransportationTests;
			sourceTree = "<group>";
		};
		9C004ABB1C77BC350008DC7B /* FloripaPublicTransportationUITests */ = {
			isa = PBXGroup;
			children = (
				9CE2CB701C7CF59200E240DA /* InfoPlist.strings */,
				9C004ABC1C77BC350008DC7B /* FloripaPublicTransportationUITests.swift */,
				9C004ABE1C77BC350008DC7B /* Info.plist */,
			);
			path = FloripaPublicTransportationUITests;
			sourceTree = "<group>";
		};
		9C004AD41C77DBC50008DC7B /* Supporting files */ = {
			isa = PBXGroup;
			children = (
				9C3AC4321C7D646500AEC82E /* JSON examples */,
				9CE2CB7A1C7CF59200E240DA /* Localizable.strings */,
				9CE2CB751C7CF59200E240DA /* InfoPlist.strings */,
				9C004A9C1C77BC350008DC7B /* AppDelegate.swift */,
				9C004AA31C77BC350008DC7B /* Assets.xcassets */,
				9C004AA81C77BC350008DC7B /* Info.plist */,
			);
			name = "Supporting files";
			sourceTree = "<group>";
		};
		9C004AD51C77DBDB0008DC7B /* UI */ = {
			isa = PBXGroup;
			children = (
				9C004AA01C77BC350008DC7B /* Main.storyboard */,
				9C004AA51C77BC350008DC7B /* LaunchScreen.storyboard */,
			);
			name = UI;
			sourceTree = "<group>";
		};
		9C004AD61C77DBE30008DC7B /* View Controllers */ = {
			isa = PBXGroup;
			children = (
				9C004ACC1C77BF780008DC7B /* RoutesListViewController.swift */,
				9C004ACE1C77C2890008DC7B /* RouteDetailViewController.swift */,
				9C28279F1C7BBF9000CBCCE1 /* MapViewController.swift */,
			);
			name = "View Controllers";
			sourceTree = "<group>";
		};
		9C004AD71C77DC700008DC7B /* Model */ = {
			isa = PBXGroup;
			children = (
				9C004ADE1C77E32A0008DC7B /* Entities */,
				9C004AD81C77E1910008DC7B /* RestApi.swift */,
				9C24858F1C7D518300BE4CA8 /* ExpectationProtocol.swift */,
			);
			name = Model;
			sourceTree = "<group>";
		};
		9C004ADE1C77E32A0008DC7B /* Entities */ = {
			isa = PBXGroup;
			children = (
				9C004ADC1C77E3200008DC7B /* Departure.swift */,
				9C004AD21C77DB480008DC7B /* Route.swift */,
				9C004ADA1C77E3160008DC7B /* Stop.swift */,
			);
			name = Entities;
			sourceTree = "<group>";
		};
		9C3AC4321C7D646500AEC82E /* JSON examples */ = {
			isa = PBXGroup;
			children = (
				9C3AC42C1C7D60E900AEC82E /* findRoutes.json */,
				9C3AC42E1C7D646200AEC82E /* findDepartures.json */,
				9C3AC42F1C7D646200AEC82E /* findStops.json */,
			);
			name = "JSON examples";
			sourceTree = "<group>";
		};
		9CE2CB641C7CD7D400E240DA /* Extensions */ = {
			isa = PBXGroup;
			children = (
				9CE2CB651C7CD81700E240DA /* String+CustomCapitalizedString.swift */,
			);
			name = Extensions;
			sourceTree = "<group>";
		};
		F43E947371E45935A494CFD5 /* Pods */ = {
			isa = PBXGroup;
			children = (
				D091B655507DEF37AC587FBB /* Pods-FloripaPublicTransportationTests.debug.xcconfig */,
				0A05B0A018E1D71DF75EBC65 /* Pods-FloripaPublicTransportationTests.release.xcconfig */,
			);
			name = Pods;
			sourceTree = "<group>";
		};
/* End PBXGroup section */

/* Begin PBXNativeTarget section */
		9C004A981C77BC350008DC7B /* FloripaPublicTransportation */ = {
			isa = PBXNativeTarget;
			buildConfigurationList = 9C004AC11C77BC350008DC7B /* Build configuration list for PBXNativeTarget "FloripaPublicTransportation" */;
			buildPhases = (
				9C004A951C77BC350008DC7B /* Sources */,
				9C004A961C77BC350008DC7B /* Frameworks */,
				9C004A971C77BC350008DC7B /* Resources */,
			);
			buildRules = (
			);
			dependencies = (
			);
			name = FloripaPublicTransportation;
			productName = FloripaPublicTransportation;
			productReference = 9C004A991C77BC350008DC7B /* FloripaPublicTransportation.app */;
			productType = "com.apple.product-type.application";
		};
		9C004AAC1C77BC350008DC7B /* FloripaPublicTransportationTests */ = {
			isa = PBXNativeTarget;
			buildConfigurationList = 9C004AC41C77BC350008DC7B /* Build configuration list for PBXNativeTarget "FloripaPublicTransportationTests" */;
			buildPhases = (
				FCFD7091A8BA8DB7C8991A9F /* Check Pods Manifest.lock */,
				9C004AA91C77BC350008DC7B /* Sources */,
				9C004AAA1C77BC350008DC7B /* Frameworks */,
				9C004AAB1C77BC350008DC7B /* Resources */,
				B52D9C6E8364B1A3E1583E47 /* Embed Pods Frameworks */,
				A754099C3EC351CC814E77C1 /* Copy Pods Resources */,
			);
			buildRules = (
			);
			dependencies = (
				9C004AAF1C77BC350008DC7B /* PBXTargetDependency */,
			);
			name = FloripaPublicTransportationTests;
			productName = FloripaPublicTransportationTests;
			productReference = 9C004AAD1C77BC350008DC7B /* FloripaPublicTransportationTests.xctest */;
			productType = "com.apple.product-type.bundle.unit-test";
		};
		9C004AB71C77BC350008DC7B /* FloripaPublicTransportationUITests */ = {
			isa = PBXNativeTarget;
			buildConfigurationList = 9C004AC71C77BC350008DC7B /* Build configuration list for PBXNativeTarget "FloripaPublicTransportationUITests" */;
			buildPhases = (
				9C004AB41C77BC350008DC7B /* Sources */,
				9C004AB51C77BC350008DC7B /* Frameworks */,
				9C004AB61C77BC350008DC7B /* Resources */,
			);
			buildRules = (
			);
			dependencies = (
				9C004ABA1C77BC350008DC7B /* PBXTargetDependency */,
			);
			name = FloripaPublicTransportationUITests;
			productName = FloripaPublicTransportationUITests;
			productReference = 9C004AB81C77BC350008DC7B /* FloripaPublicTransportationUITests.xctest */;
			productType = "com.apple.product-type.bundle.ui-testing";
		};
/* End PBXNativeTarget section */

/* Begin PBXProject section */
		9C004A911C77BC340008DC7B /* Project object */ = {
			isa = PBXProject;
			attributes = {
				LastSwiftUpdateCheck = 0720;
				LastUpgradeCheck = 0720;
				ORGANIZATIONNAME = "Marcelo Gobetti";
				TargetAttributes = {
					9C004A981C77BC350008DC7B = {
						CreatedOnToolsVersion = 7.2.1;
						SystemCapabilities = {
							com.apple.Maps.iOS = {
								enabled = 1;
							};
						};
					};
					9C004AAC1C77BC350008DC7B = {
						CreatedOnToolsVersion = 7.2.1;
						TestTargetID = 9C004A981C77BC350008DC7B;
					};
					9C004AB71C77BC350008DC7B = {
						CreatedOnToolsVersion = 7.2.1;
						TestTargetID = 9C004A981C77BC350008DC7B;
					};
				};
			};
			buildConfigurationList = 9C004A941C77BC340008DC7B /* Build configuration list for PBXProject "FloripaPublicTransportation" */;
			compatibilityVersion = "Xcode 3.2";
			developmentRegion = English;
			hasScannedForEncodings = 0;
			knownRegions = (
				en,
				Base,
			);
			mainGroup = 9C004A901C77BC340008DC7B;
			productRefGroup = 9C004A9A1C77BC350008DC7B /* Products */;
			projectDirPath = "";
			projectRoot = "";
			targets = (
				9C004A981C77BC350008DC7B /* FloripaPublicTransportation */,
				9C004AAC1C77BC350008DC7B /* FloripaPublicTransportationTests */,
				9C004AB71C77BC350008DC7B /* FloripaPublicTransportationUITests */,
			);
		};
/* End PBXProject section */

/* Begin PBXResourcesBuildPhase section */
		9C004A971C77BC350008DC7B /* Resources */ = {
			isa = PBXResourcesBuildPhase;
			buildActionMask = 2147483647;
			files = (
				9C3AC4311C7D646200AEC82E /* findStops.json in Resources */,
				9C3AC42D1C7D60E900AEC82E /* findRoutes.json in Resources */,
				9CE2CB781C7CF59200E240DA /* Localizable.strings in Resources */,
				9C004AA71C77BC350008DC7B /* LaunchScreen.storyboard in Resources */,
				9CE2CB731C7CF59200E240DA /* InfoPlist.strings in Resources */,
				9C3AC4301C7D646200AEC82E /* findDepartures.json in Resources */,
				9C004AA41C77BC350008DC7B /* Assets.xcassets in Resources */,
				9C004AA21C77BC350008DC7B /* Main.storyboard in Resources */,
			);
			runOnlyForDeploymentPostprocessing = 0;
		};
		9C004AAB1C77BC350008DC7B /* Resources */ = {
			isa = PBXResourcesBuildPhase;
			buildActionMask = 2147483647;
			files = (
				9CE2CB7D1C7CF59300E240DA /* InfoPlist.strings in Resources */,
			);
			runOnlyForDeploymentPostprocessing = 0;
		};
		9C004AB61C77BC350008DC7B /* Resources */ = {
			isa = PBXResourcesBuildPhase;
			buildActionMask = 2147483647;
			files = (
				9CE2CB6E1C7CF59200E240DA /* InfoPlist.strings in Resources */,
			);
			runOnlyForDeploymentPostprocessing = 0;
		};
/* End PBXResourcesBuildPhase section */

/* Begin PBXShellScriptBuildPhase section */
		A754099C3EC351CC814E77C1 /* Copy Pods Resources */ = {
			isa = PBXShellScriptBuildPhase;
			buildActionMask = 2147483647;
			files = (
			);
			inputPaths = (
			);
			name = "Copy Pods Resources";
			outputPaths = (
			);
			runOnlyForDeploymentPostprocessing = 0;
			shellPath = /bin/sh;
			shellScript = "\"${SRCROOT}/Pods/Target Support Files/Pods-FloripaPublicTransportationTests/Pods-FloripaPublicTransportationTests-resources.sh\"\n";
			showEnvVarsInLog = 0;
		};
		B52D9C6E8364B1A3E1583E47 /* Embed Pods Frameworks */ = {
			isa = PBXShellScriptBuildPhase;
			buildActionMask = 2147483647;
			files = (
			);
			inputPaths = (
			);
			name = "Embed Pods Frameworks";
			outputPaths = (
			);
			runOnlyForDeploymentPostprocessing = 0;
			shellPath = /bin/sh;
			shellScript = "\"${SRCROOT}/Pods/Target Support Files/Pods-FloripaPublicTransportationTests/Pods-FloripaPublicTransportationTests-frameworks.sh\"\n";
			showEnvVarsInLog = 0;
		};
		FCFD7091A8BA8DB7C8991A9F /* Check Pods Manifest.lock */ = {
			isa = PBXShellScriptBuildPhase;
			buildActionMask = 2147483647;
			files = (
			);
			inputPaths = (
			);
			name = "Check Pods Manifest.lock";
			outputPaths = (
			);
			runOnlyForDeploymentPostprocessing = 0;
			shellPath = /bin/sh;
			shellScript = "diff \"${PODS_ROOT}/../Podfile.lock\" \"${PODS_ROOT}/Manifest.lock\" > /dev/null\nif [[ $? != 0 ]] ; then\n    cat << EOM\nerror: The sandbox is not in sync with the Podfile.lock. Run 'pod install' or update your CocoaPods installation.\nEOM\n    exit 1\nfi\n";
			showEnvVarsInLog = 0;
		};
/* End PBXShellScriptBuildPhase section */

/* Begin PBXSourcesBuildPhase section */
		9C004A951C77BC350008DC7B /* Sources */ = {
			isa = PBXSourcesBuildPhase;
			buildActionMask = 2147483647;
			files = (
				9C004AD91C77E1910008DC7B /* RestApi.swift in Sources */,
				9C004ACF1C77C2890008DC7B /* RouteDetailViewController.swift in Sources */,
				9C2485901C7D518300BE4CA8 /* ExpectationProtocol.swift in Sources */,
				9C004AD31C77DB480008DC7B /* Route.swift in Sources */,
				9C004ADD1C77E3200008DC7B /* Departure.swift in Sources */,
				9C004ACD1C77BF780008DC7B /* RoutesListViewController.swift in Sources */,
				9C004A9D1C77BC350008DC7B /* AppDelegate.swift in Sources */,
				9C004ADB1C77E3160008DC7B /* Stop.swift in Sources */,
				9CE2CB661C7CD81700E240DA /* String+CustomCapitalizedString.swift in Sources */,
				9C2827A01C7BBF9000CBCCE1 /* MapViewController.swift in Sources */,
			);
			runOnlyForDeploymentPostprocessing = 0;
		};
		9C004AA91C77BC350008DC7B /* Sources */ = {
			isa = PBXSourcesBuildPhase;
			buildActionMask = 2147483647;
			files = (
				9CC86D951C7E3FFD0076AB06 /* RoutesListViewControllerTests.swift in Sources */,
				9CC86D921C7E232D0076AB06 /* SystemLogAccessor.m in Sources */,
				9C24858E1C7D466D00BE4CA8 /* RestApiTests.swift in Sources */,
			);
			runOnlyForDeploymentPostprocessing = 0;
		};
		9C004AB41C77BC350008DC7B /* Sources */ = {
			isa = PBXSourcesBuildPhase;
			buildActionMask = 2147483647;
			files = (
				9C004ABD1C77BC350008DC7B /* FloripaPublicTransportationUITests.swift in Sources */,
			);
			runOnlyForDeploymentPostprocessing = 0;
		};
/* End PBXSourcesBuildPhase section */

/* Begin PBXTargetDependency section */
		9C004AAF1C77BC350008DC7B /* PBXTargetDependency */ = {
			isa = PBXTargetDependency;
			target = 9C004A981C77BC350008DC7B /* FloripaPublicTransportation */;
			targetProxy = 9C004AAE1C77BC350008DC7B /* PBXContainerItemProxy */;
		};
		9C004ABA1C77BC350008DC7B /* PBXTargetDependency */ = {
			isa = PBXTargetDependency;
			target = 9C004A981C77BC350008DC7B /* FloripaPublicTransportation */;
			targetProxy = 9C004AB91C77BC350008DC7B /* PBXContainerItemProxy */;
		};
/* End PBXTargetDependency section */

/* Begin PBXVariantGroup section */
		9C004AA01C77BC350008DC7B /* Main.storyboard */ = {
			isa = PBXVariantGroup;
			children = (
				9C004AA11C77BC350008DC7B /* Base */,
				9CE2CB6A1C7CF04A00E240DA /* pt-BR */,
			);
			name = Main.storyboard;
			sourceTree = "<group>";
		};
		9C004AA51C77BC350008DC7B /* LaunchScreen.storyboard */ = {
			isa = PBXVariantGroup;
			children = (
				9C004AA61C77BC350008DC7B /* Base */,
				9CE2CB6B1C7CF59200E240DA /* pt-BR */,
			);
			name = LaunchScreen.storyboard;
			sourceTree = "<group>";
		};
		9CE2CB701C7CF59200E240DA /* InfoPlist.strings */ = {
			isa = PBXVariantGroup;
			children = (
				9CE2CB6F1C7CF59200E240DA /* pt-BR */,
			);
			name = InfoPlist.strings;
			sourceTree = "<group>";
		};
		9CE2CB751C7CF59200E240DA /* InfoPlist.strings */ = {
			isa = PBXVariantGroup;
			children = (
				9CE2CB741C7CF59200E240DA /* pt-BR */,
			);
			name = InfoPlist.strings;
			sourceTree = "<group>";
		};
		9CE2CB7A1C7CF59200E240DA /* Localizable.strings */ = {
			isa = PBXVariantGroup;
			children = (
				9CE2CB791C7CF59200E240DA /* pt-BR */,
			);
			name = Localizable.strings;
			sourceTree = "<group>";
		};
		9CE2CB7F1C7CF59300E240DA /* InfoPlist.strings */ = {
			isa = PBXVariantGroup;
			children = (
				9CE2CB7E1C7CF59300E240DA /* pt-BR */,
			);
			name = InfoPlist.strings;
			sourceTree = "<group>";
		};
/* End PBXVariantGroup section */

/* Begin XCBuildConfiguration section */
		9C004ABF1C77BC350008DC7B /* Debug */ = {
			isa = XCBuildConfiguration;
			buildSettings = {
				ALWAYS_SEARCH_USER_PATHS = NO;
				CLANG_CXX_LANGUAGE_STANDARD = "gnu++0x";
				CLANG_CXX_LIBRARY = "libc++";
				CLANG_ENABLE_MODULES = YES;
				CLANG_ENABLE_OBJC_ARC = YES;
				CLANG_WARN_BOOL_CONVERSION = YES;
				CLANG_WARN_CONSTANT_CONVERSION = YES;
				CLANG_WARN_DIRECT_OBJC_ISA_USAGE = YES_ERROR;
				CLANG_WARN_EMPTY_BODY = YES;
				CLANG_WARN_ENUM_CONVERSION = YES;
				CLANG_WARN_INT_CONVERSION = YES;
				CLANG_WARN_OBJC_ROOT_CLASS = YES_ERROR;
				CLANG_WARN_UNREACHABLE_CODE = YES;
				CLANG_WARN__DUPLICATE_METHOD_MATCH = YES;
				"CODE_SIGN_IDENTITY[sdk=iphoneos*]" = "iPhone Developer";
				COPY_PHASE_STRIP = NO;
				DEBUG_INFORMATION_FORMAT = dwarf;
				ENABLE_STRICT_OBJC_MSGSEND = YES;
				ENABLE_TESTABILITY = YES;
				GCC_C_LANGUAGE_STANDARD = gnu99;
				GCC_DYNAMIC_NO_PIC = NO;
				GCC_NO_COMMON_BLOCKS = YES;
				GCC_OPTIMIZATION_LEVEL = 0;
				GCC_PREPROCESSOR_DEFINITIONS = (
					"DEBUG=1",
					"$(inherited)",
				);
				GCC_WARN_64_TO_32_BIT_CONVERSION = YES;
				GCC_WARN_ABOUT_RETURN_TYPE = YES_ERROR;
				GCC_WARN_UNDECLARED_SELECTOR = YES;
				GCC_WARN_UNINITIALIZED_AUTOS = YES_AGGRESSIVE;
				GCC_WARN_UNUSED_FUNCTION = YES;
				GCC_WARN_UNUSED_VARIABLE = YES;
				IPHONEOS_DEPLOYMENT_TARGET = 9.2;
				MTL_ENABLE_DEBUG_INFO = YES;
				ONLY_ACTIVE_ARCH = YES;
				SDKROOT = iphoneos;
				SWIFT_OPTIMIZATION_LEVEL = "-Onone";
			};
			name = Debug;
		};
		9C004AC01C77BC350008DC7B /* Release */ = {
			isa = XCBuildConfiguration;
			buildSettings = {
				ALWAYS_SEARCH_USER_PATHS = NO;
				CLANG_CXX_LANGUAGE_STANDARD = "gnu++0x";
				CLANG_CXX_LIBRARY = "libc++";
				CLANG_ENABLE_MODULES = YES;
				CLANG_ENABLE_OBJC_ARC = YES;
				CLANG_WARN_BOOL_CONVERSION = YES;
				CLANG_WARN_CONSTANT_CONVERSION = YES;
				CLANG_WARN_DIRECT_OBJC_ISA_USAGE = YES_ERROR;
				CLANG_WARN_EMPTY_BODY = YES;
				CLANG_WARN_ENUM_CONVERSION = YES;
				CLANG_WARN_INT_CONVERSION = YES;
				CLANG_WARN_OBJC_ROOT_CLASS = YES_ERROR;
				CLANG_WARN_UNREACHABLE_CODE = YES;
				CLANG_WARN__DUPLICATE_METHOD_MATCH = YES;
				"CODE_SIGN_IDENTITY[sdk=iphoneos*]" = "iPhone Developer";
				COPY_PHASE_STRIP = NO;
				DEBUG_INFORMATION_FORMAT = "dwarf-with-dsym";
				ENABLE_NS_ASSERTIONS = NO;
				ENABLE_STRICT_OBJC_MSGSEND = YES;
				GCC_C_LANGUAGE_STANDARD = gnu99;
				GCC_NO_COMMON_BLOCKS = YES;
				GCC_WARN_64_TO_32_BIT_CONVERSION = YES;
				GCC_WARN_ABOUT_RETURN_TYPE = YES_ERROR;
				GCC_WARN_UNDECLARED_SELECTOR = YES;
				GCC_WARN_UNINITIALIZED_AUTOS = YES_AGGRESSIVE;
				GCC_WARN_UNUSED_FUNCTION = YES;
				GCC_WARN_UNUSED_VARIABLE = YES;
				IPHONEOS_DEPLOYMENT_TARGET = 9.2;
				MTL_ENABLE_DEBUG_INFO = NO;
				SDKROOT = iphoneos;
				VALIDATE_PRODUCT = YES;
			};
			name = Release;
		};
		9C004AC21C77BC350008DC7B /* Debug */ = {
			isa = XCBuildConfiguration;
			buildSettings = {
				ASSETCATALOG_COMPILER_APPICON_NAME = AppIcon;
				INFOPLIST_FILE = FloripaPublicTransportation/Info.plist;
				LD_RUNPATH_SEARCH_PATHS = "$(inherited) @executable_path/Frameworks";
				PRODUCT_BUNDLE_IDENTIFIER = com.gobetti.FloripaPublicTransportation;
				PRODUCT_NAME = "$(TARGET_NAME)";
			};
			name = Debug;
		};
		9C004AC31C77BC350008DC7B /* Release */ = {
			isa = XCBuildConfiguration;
			buildSettings = {
				ASSETCATALOG_COMPILER_APPICON_NAME = AppIcon;
				INFOPLIST_FILE = FloripaPublicTransportation/Info.plist;
				LD_RUNPATH_SEARCH_PATHS = "$(inherited) @executable_path/Frameworks";
				PRODUCT_BUNDLE_IDENTIFIER = com.gobetti.FloripaPublicTransportation;
				PRODUCT_NAME = "$(TARGET_NAME)";
			};
			name = Release;
		};
		9C004AC51C77BC350008DC7B /* Debug */ = {
			isa = XCBuildConfiguration;
			baseConfigurationReference = D091B655507DEF37AC587FBB /* Pods-FloripaPublicTransportationTests.debug.xcconfig */;
			buildSettings = {
				BUNDLE_LOADER = "$(TEST_HOST)";
				CLANG_ENABLE_MODULES = YES;
				INFOPLIST_FILE = FloripaPublicTransportationTests/Info.plist;
				LD_RUNPATH_SEARCH_PATHS = "$(inherited) @executable_path/Frameworks @loader_path/Frameworks";
				PRODUCT_BUNDLE_IDENTIFIER = com.gobetti.FloripaPublicTransportationTests;
				PRODUCT_NAME = "$(TARGET_NAME)";
				SWIFT_OBJC_BRIDGING_HEADER = "FloripaPublicTransportationTests/FloripaPublicTransportationTests-Bridging-Header.h";
				SWIFT_OPTIMIZATION_LEVEL = "-Onone";
				TEST_HOST = "$(BUILT_PRODUCTS_DIR)/FloripaPublicTransportation.app/FloripaPublicTransportation";
			};
			name = Debug;
		};
		9C004AC61C77BC350008DC7B /* Release */ = {
			isa = XCBuildConfiguration;
			baseConfigurationReference = 0A05B0A018E1D71DF75EBC65 /* Pods-FloripaPublicTransportationTests.release.xcconfig */;
			buildSettings = {
				BUNDLE_LOADER = "$(TEST_HOST)";
				CLANG_ENABLE_MODULES = YES;
				INFOPLIST_FILE = FloripaPublicTransportationTests/Info.plist;
				LD_RUNPATH_SEARCH_PATHS = "$(inherited) @executable_path/Frameworks @loader_path/Frameworks";
				PRODUCT_BUNDLE_IDENTIFIER = com.gobetti.FloripaPublicTransportationTests;
				PRODUCT_NAME = "$(TARGET_NAME)";
				SWIFT_OBJC_BRIDGING_HEADER = "FloripaPublicTransportationTests/FloripaPublicTransportationTests-Bridging-Header.h";
				TEST_HOST = "$(BUILT_PRODUCTS_DIR)/FloripaPublicTransportation.app/FloripaPublicTransportation";
			};
			name = Release;
		};
		9C004AC81C77BC350008DC7B /* Debug */ = {
			isa = XCBuildConfiguration;
			buildSettings = {
				INFOPLIST_FILE = FloripaPublicTransportationUITests/Info.plist;
				LD_RUNPATH_SEARCH_PATHS = "$(inherited) @executable_path/Frameworks @loader_path/Frameworks";
				PRODUCT_BUNDLE_IDENTIFIER = com.gobetti.FloripaPublicTransportationUITests;
				PRODUCT_NAME = "$(TARGET_NAME)";
				TEST_TARGET_NAME = FloripaPublicTransportation;
				USES_XCTRUNNER = YES;
			};
			name = Debug;
		};
		9C004AC91C77BC350008DC7B /* Release */ = {
			isa = XCBuildConfiguration;
			buildSettings = {
				INFOPLIST_FILE = FloripaPublicTransportationUITests/Info.plist;
				LD_RUNPATH_SEARCH_PATHS = "$(inherited) @executable_path/Frameworks @loader_path/Frameworks";
				PRODUCT_BUNDLE_IDENTIFIER = com.gobetti.FloripaPublicTransportationUITests;
				PRODUCT_NAME = "$(TARGET_NAME)";
				TEST_TARGET_NAME = FloripaPublicTransportation;
				USES_XCTRUNNER = YES;
			};
			name = Release;
		};
/* End XCBuildConfiguration section */

/* Begin XCConfigurationList section */
		9C004A941C77BC340008DC7B /* Build configuration list for PBXProject "FloripaPublicTransportation" */ = {
			isa = XCConfigurationList;
			buildConfigurations = (
				9C004ABF1C77BC350008DC7B /* Debug */,
				9C004AC01C77BC350008DC7B /* Release */,
			);
			defaultConfigurationIsVisible = 0;
			defaultConfigurationName = Release;
		};
		9C004AC11C77BC350008DC7B /* Build configuration list for PBXNativeTarget "FloripaPublicTransportation" */ = {
			isa = XCConfigurationList;
			buildConfigurations = (
				9C004AC21C77BC350008DC7B /* Debug */,
				9C004AC31C77BC350008DC7B /* Release */,
			);
			defaultConfigurationIsVisible = 0;
			defaultConfigurationName = Release;
		};
		9C004AC41C77BC350008DC7B /* Build configuration list for PBXNativeTarget "FloripaPublicTransportationTests" */ = {
			isa = XCConfigurationList;
			buildConfigurations = (
				9C004AC51C77BC350008DC7B /* Debug */,
				9C004AC61C77BC350008DC7B /* Release */,
			);
			defaultConfigurationIsVisible = 0;
			defaultConfigurationName = Release;
		};
		9C004AC71C77BC350008DC7B /* Build configuration list for PBXNativeTarget "FloripaPublicTransportationUITests" */ = {
			isa = XCConfigurationList;
			buildConfigurations = (
				9C004AC81C77BC350008DC7B /* Debug */,
				9C004AC91C77BC350008DC7B /* Release */,
			);
			defaultConfigurationIsVisible = 0;
			defaultConfigurationName = Release;
		};
/* End XCConfigurationList section */
	};
	rootObject = 9C004A911C77BC340008DC7B /* Project object */;
}
